
Microsoft Visual Studio Solution File, Format Version 12.00
# Visual Studio Version 17
VisualStudioVersion = 17.8.34330.188
MinimumVisualStudioVersion = 10.0.40219.1
Project("{8BC9CEB8-8B4A-11D0-8D11-00A0C91BC942}") = "Miniprojekt_Subway_Surfers", "Miniprojekt_Subway_Surfers\Miniprojekt_Subway_Surfers.vcxproj", "{12F03D13-46F3-41BD-AE18-77CADB1206EA}"
EndProject
Global
	GlobalSection(SolutionConfigurationPlatforms) = preSolution
		Debug|x64 = Debug|x64
		Debug|x86 = Debug|x86
		Release|x64 = Release|x64
		Release|x86 = Release|x86
	EndGlobalSection
	GlobalSection(ProjectConfigurationPlatforms) = postSolution
		{12F03D13-46F3-41BD-AE18-77CADB1206EA}.Debug|x64.ActiveCfg = Debug|x64
		{12F03D13-46F3-41BD-AE18-77CADB1206EA}.Debug|x64.Build.0 = Debug|x64
		{12F03D13-46F3-41BD-AE18-77CADB1206EA}.Debug|x86.ActiveCfg = Debug|Win32
		{12F03D13-46F3-41BD-AE18-77CADB1206EA}.Debug|x86.Build.0 = Debug|Win32
		{12F03D13-46F3-41BD-AE18-77CADB1206EA}.Release|x64.ActiveCfg = Release|x64
		{12F03D13-46F3-41BD-AE18-77CADB1206EA}.Release|x64.Build.0 = Release|x64
		{12F03D13-46F3-41BD-AE18-77CADB1206EA}.Release|x86.ActiveCfg = Release|Win32
		{12F03D13-46F3-41BD-AE18-77CADB1206EA}.Release|x86.Build.0 = Release|Win32
	EndGlobalSection
	GlobalSection(SolutionProperties) = preSolution
		HideSolutionNode = FALSE
	EndGlobalSection
	GlobalSection(ExtensibilityGlobals) = postSolution
		SolutionGuid = {4FEC8868-C8AE-4B45-B6A9-AD558787380D}
	EndGlobalSection
EndGlobal
